{
  "version": "4",
  "specifiers": {
    "jsr:@core/asyncutil@1.2": "1.2.0",
    "jsr:@core/unknownutil@4": "4.3.0",
    "jsr:@core/unknownutil@4.3": "4.3.0",
    "jsr:@core/unknownutil@^3.17.2": "3.18.1",
    "jsr:@core/unknownutil@^3.18.0": "3.18.1",
    "jsr:@core/unknownutil@^4.3.0": "4.3.0",
    "jsr:@cross/deepmerge@1": "1.0.0",
    "jsr:@cross/dir@^1.1.0": "1.1.0",
    "jsr:@cross/env@1": "1.0.2",
    "jsr:@cross/runtime@1": "1.1.0",
    "jsr:@cross/utils@0.7": "0.7.1",
    "jsr:@denops/core@7": "7.0.1",
    "jsr:@denops/core@7.0": "7.0.1",
    "jsr:@denops/std@7.1": "7.1.1",
    "jsr:@denops/std@7.4": "7.4.0",
    "jsr:@denops/std@7.5": "7.5.0",
    "jsr:@denops/std@^7.0.1": "7.5.0",
    "jsr:@denops/test@~3.0.4": "3.0.4",
    "jsr:@denosaurs/plug@1.0.6": "1.0.6",
    "jsr:@lambdalisue/errorutil@1": "1.1.1",
    "jsr:@lambdalisue/indexer@1": "1.0.0",
    "jsr:@lambdalisue/messagepack-rpc@^2.1.1": "2.4.0",
    "jsr:@lambdalisue/messagepack@^1.0.1": "1.0.1",
    "jsr:@lambdalisue/reservator@^1.0.1": "1.0.1",
    "jsr:@lambdalisue/streamtools@1": "1.0.1",
    "jsr:@shougo/ddc-vim@9": "9.4.0",
    "jsr:@shougo/ddc-vim@9.1": "9.1.0",
    "jsr:@shougo/ddt-vim@1.1": "1.1.0",
    "jsr:@shougo/ddu-kind-file@0.9.0": "0.9.0",
    "jsr:@shougo/ddu-vim@10.3": "10.3.0",
    "jsr:@shougo/ddu-vim@10.3.0": "10.3.0",
    "jsr:@shougo/ddu-vim@6.1": "6.1.0",
    "jsr:@shougo/dpp-vim@4.2": "4.2.0",
    "jsr:@shougo/dpp-vim@4.2.0": "4.2.0",
    "jsr:@sigma/pty-ffi@0.28": "0.28.0",
    "jsr:@sigma/pty-ffi@0.32": "0.32.0",
    "jsr:@std/assert@0.221": "0.221.0",
    "jsr:@std/assert@^1.0.1": "1.0.12",
    "jsr:@std/assert@^1.0.12": "1.0.12",
    "jsr:@std/assert@~1.0.1": "1.0.12",
    "jsr:@std/assert@~1.0.2": "1.0.12",
    "jsr:@std/assert@~1.0.3": "1.0.12",
    "jsr:@std/async@1": "1.0.12",
    "jsr:@std/async@~1.0.1": "1.0.12",
    "jsr:@std/async@~1.0.4": "1.0.12",
    "jsr:@std/bytes@0.221": "0.221.0",
    "jsr:@std/bytes@^1.0.5": "1.0.5",
    "jsr:@std/collections@^1.0.5": "1.0.10",
    "jsr:@std/collections@~1.0.5": "1.0.10",
    "jsr:@std/encoding@0.221": "0.221.0",
    "jsr:@std/fmt@0.221": "0.221.0",
    "jsr:@std/fs@0.221": "0.221.0",
    "jsr:@std/fs@1.0": "1.0.16",
    "jsr:@std/fs@1.0.16": "1.0.16",
    "jsr:@std/fs@~1.0.2": "1.0.16",
    "jsr:@std/internal@^1.0.6": "1.0.6",
    "jsr:@std/msgpack@~1.0.2": "1.0.3",
    "jsr:@std/path@0.221": "0.221.0",
    "jsr:@std/path@^1.0.1": "1.0.8",
    "jsr:@std/path@^1.0.2": "1.0.8",
    "jsr:@std/path@^1.0.8": "1.0.8",
    "jsr:@std/path@~1.0.2": "1.0.8",
    "jsr:@std/path@~1.0.3": "1.0.8",
    "jsr:@std/semver@1": "1.0.5",
    "jsr:@std/streams@1": "1.0.9",
    "jsr:@std/streams@1.0": "1.0.9",
    "jsr:@std/streams@~1.0.3": "1.0.9",
    "jsr:@std/testing@1.0": "1.0.11",
    "jsr:@std/ulid@1": "1.0.0",
    "jsr:@std/yaml@~1.0.5": "1.0.5",
    "npm:@geolonia/japanese-numeral@1.0.2": "1.0.2",
    "npm:cr-numeral@1.1.3": "1.1.3",
    "npm:encoding-japanese@2.2.0": "2.2.0",
    "npm:jsonschema@1.4.1": "1.4.1",
    "npm:msgpackr@^1.10.1": "1.11.2"
  },
  "jsr": {
    "@core/asyncutil@1.2.0": {
      "integrity": "9967f15190c60df032c13f72ce5ac73d185c34f31c53dc918d8800025854c118"
    },
    "@core/unknownutil@3.18.1": {
      "integrity": "6aaa108b623ff971d062dd345da7ca03b97f61ae3d29c8677bff14fec11f0d76"
    },
    "@core/unknownutil@4.3.0": {
      "integrity": "538a3687ffa81028e91d148818047df219663d0da671d906cecd165581ae55cc"
    },
    "@cross/deepmerge@1.0.0": {
      "integrity": "1e1318a74e31ba1959b9aa0acae8bd417b806f74ffd25ac07c90e12f83ad6b1d"
    },
    "@cross/dir@1.1.0": {
      "integrity": "41eb779daf160f53bc33ef91f593f332fffc52ec9b81f87178db564718534e59",
      "dependencies": [
        "jsr:@cross/env",
        "jsr:@cross/runtime",
        "jsr:@cross/utils"
      ]
    },
    "@cross/env@1.0.2": {
      "integrity": "28501ad1043c218a5b00fe5db27ec62c01ab16371bbe1b9d738496f0a7c5eeb8",
      "dependencies": [
        "jsr:@cross/deepmerge",
        "jsr:@cross/runtime"
      ]
    },
    "@cross/runtime@1.1.0": {
      "integrity": "f35a3b768a9de125277329483b684062ffc9ee86f4449cb8b3d614adcad64ffb"
    },
    "@cross/utils@0.7.1": {
      "integrity": "6cc50ad31b0904364188c43d10e3d4888d817a3d415528b014c27deb8a35564e",
      "dependencies": [
        "jsr:@cross/runtime"
      ]
    },
    "@denops/core@7.0.1": {
      "integrity": "ede39eec60de6d5bf0fbc0337d3e420a9689cc48afea8c71752e6c0fb630bde0"
    },
    "@denops/std@7.1.1": {
      "integrity": "9178027fc9192034842ac4d8d7219ce65ea80cb115b722e681e5c3630b503cb8",
      "dependencies": [
        "jsr:@core/unknownutil@^4.3.0",
        "jsr:@denops/core@7",
        "jsr:@std/semver",
        "jsr:@std/ulid"
      ]
    },
    "@denops/std@7.4.0": {
      "integrity": "6d7ae66af0286a440c14c0ba096b4336697bcd69e83e0fce21a41fb3dec10d65",
      "dependencies": [
        "jsr:@core/unknownutil@^4.3.0",
        "jsr:@denops/core@7",
        "jsr:@std/semver",
        "jsr:@std/ulid"
      ]
    },
    "@denops/std@7.5.0": {
      "integrity": "22d41172f1f5c91265a5555c1aecd63263176c6c65b4fb7c2b1a585ecb79a554",
      "dependencies": [
        "jsr:@core/unknownutil@^4.3.0",
        "jsr:@denops/core@7",
        "jsr:@std/semver",
        "jsr:@std/ulid"
      ]
    },
    "@denops/test@3.0.4": {
      "integrity": "6d345744749d3b4ab4858b6bd861b1bcb34cb8f00bd82e3d64a725c369223ff4",
      "dependencies": [
        "jsr:@core/unknownutil@4",
        "jsr:@denops/core@7",
        "jsr:@lambdalisue/errorutil",
        "jsr:@lambdalisue/messagepack-rpc",
        "jsr:@std/async@1",
        "jsr:@std/collections@^1.0.5",
        "jsr:@std/path@^1.0.1",
        "jsr:@std/streams@1"
      ]
    },
    "@denosaurs/plug@1.0.6": {
      "integrity": "6cf5b9daba7799837b9ffbe89f3450510f588fafef8115ddab1ff0be9cb7c1a7",
      "dependencies": [
        "jsr:@std/encoding",
        "jsr:@std/fmt",
        "jsr:@std/fs@0.221",
        "jsr:@std/path@0.221"
      ]
    },
    "@lambdalisue/errorutil@1.1.1": {
      "integrity": "d0234a8a510da52f130c44698643b7f420f332ef2ffce1451415925b14f5f63f",
      "dependencies": [
        "jsr:@core/unknownutil@^3.18.0"
      ]
    },
    "@lambdalisue/indexer@1.0.0": {
      "integrity": "f1dbbca13a0cb3b8d87533f3ac807ba2881107e28a7eb7eb85ac1b1c5d6a5c42"
    },
    "@lambdalisue/messagepack@1.0.1": {
      "integrity": "e35888d9ac295826f24234f10f7ef660c890b506eb09fac1f7509798e94c525a",
      "dependencies": [
        "jsr:@std/bytes@0.221",
        "npm:msgpackr"
      ]
    },
    "@lambdalisue/messagepack-rpc@2.4.0": {
      "integrity": "51b9aabe1ce88c3309e12fa834f2a8340ffcd0611f53ea012d28c8f9328ea7d2",
      "dependencies": [
        "jsr:@core/unknownutil@^3.17.2",
        "jsr:@lambdalisue/indexer",
        "jsr:@lambdalisue/messagepack",
        "jsr:@lambdalisue/reservator",
        "jsr:@lambdalisue/streamtools"
      ]
    },
    "@lambdalisue/reservator@1.0.1": {
      "integrity": "daf9189747c5cb2ad49e42ad3c65ec367684e1765ebb856a0ad6d754b3e650c4"
    },
    "@lambdalisue/streamtools@1.0.1": {
      "integrity": "8bc2fdeefa7131911b19b53dc5eb9c10c68ed4bf9e9de8bd5ed0c27f83953516",
      "dependencies": [
        "jsr:@std/bytes@0.221"
      ]
    },
    "@shougo/ddc-vim@9.1.0": {
      "integrity": "3a221b0442a3c2ae164e8ace9e9fc3f2a4f6ea5094c75e21741bfd8a690d7d0e",
      "dependencies": [
        "jsr:@core/unknownutil@4.3",
        "jsr:@denops/std@7.4",
        "jsr:@std/assert@~1.0.2"
      ]
    },
    "@shougo/ddc-vim@9.4.0": {
      "integrity": "98e60b09ef22188af58815162a0b38e99ba85f254ec6c86915f6f371af0277d9",
      "dependencies": [
        "jsr:@core/unknownutil@4.3",
        "jsr:@denops/std@7.4",
        "jsr:@std/assert@~1.0.2"
      ]
    },
    "@shougo/ddt-vim@1.1.0": {
      "integrity": "a5aebf8b7e502513a5195a278a3ff028eeeac5ff9b06190c17b6d3e6c52165f2",
      "dependencies": [
        "jsr:@denops/std@7.4"
      ]
    },
    "@shougo/ddu-kind-file@0.9.0": {
      "integrity": "016a8dd6e8c749dff321001b477b0ce6c860eb5959b02bbbc0679f4574241890",
      "dependencies": [
        "jsr:@core/unknownutil@4.3",
        "jsr:@denops/std@7.1",
        "jsr:@shougo/ddu-vim@6.1",
        "jsr:@std/fs@1.0",
        "jsr:@std/path@~1.0.2",
        "jsr:@std/streams@1.0"
      ]
    },
    "@shougo/ddu-vim@6.1.0": {
      "integrity": "772a042b413b3f3c0e072ff390221494e2ee04c2c252827693d34b454fd05eac",
      "dependencies": [
        "jsr:@denops/std@7.1",
        "jsr:@std/path@~1.0.2"
      ]
    },
    "@shougo/ddu-vim@10.3.0": {
      "integrity": "5be1239504b154373d02f3734b2c24d3266107fee781a55fde46fcc84a9a6057",
      "dependencies": [
        "jsr:@denops/std@7.5",
        "jsr:@std/path@~1.0.2"
      ]
    },
    "@shougo/dpp-vim@4.2.0": {
      "integrity": "ff2dff7b1906c7481976b0d8806bb7c7b36340fb0844d207a429402be9453dd6",
      "dependencies": [
        "jsr:@denops/std@7.5",
        "jsr:@std/assert@~1.0.2",
        "jsr:@std/path@~1.0.2"
      ]
    },
    "@sigma/pty-ffi@0.28.0": {
      "integrity": "8a37503428880634912ff05be18ad68b7c4a51f2d53de4977e3312e484247cb7",
      "dependencies": [
        "jsr:@denosaurs/plug"
      ]
    },
    "@sigma/pty-ffi@0.32.0": {
      "integrity": "3f7037826b11bbac8d43c50bbca104d7830ce32b908f4b461d0f82305ae784c6",
      "dependencies": [
        "jsr:@denosaurs/plug",
        "jsr:@std/assert@0.221"
      ]
    },
    "@std/assert@0.221.0": {
      "integrity": "a5f1aa6e7909dbea271754fd4ab3f4e687aeff4873b4cef9a320af813adb489a"
    },
    "@std/assert@1.0.12": {
      "integrity": "08009f0926dda9cbd8bef3a35d3b6a4b964b0ab5c3e140a4e0351fbf34af5b9a",
      "dependencies": [
        "jsr:@std/internal"
      ]
    },
    "@std/async@1.0.12": {
      "integrity": "d1bfcec459e8012846fe4e38dfc4241ab23240ecda3d8d6dfcf6d81a632e803d"
    },
    "@std/bytes@0.221.0": {
      "integrity": "64a047011cf833890a4a2ab7293ac55a1b4f5a050624ebc6a0159c357de91966"
    },
    "@std/bytes@1.0.5": {
      "integrity": "4465dd739d7963d964c809202ebea6d5c6b8e3829ef25c6a224290fbb8a1021e"
    },
    "@std/collections@1.0.10": {
      "integrity": "903af106a3d92970d74e20f7ebff77d9658af9bef4403f1dc42a7801c0575899"
    },
    "@std/encoding@0.221.0": {
      "integrity": "d1dd76ef0dc5d14088411e6dc1dede53bf8308c95d1537df1214c97137208e45"
    },
    "@std/fmt@0.221.0": {
      "integrity": "379fed69bdd9731110f26b9085aeb740606b20428ce6af31ef6bd45ef8efa62a"
    },
    "@std/fs@0.221.0": {
      "integrity": "028044450299de8ed5a716ade4e6d524399f035513b85913794f4e81f07da286",
      "dependencies": [
        "jsr:@std/assert@0.221",
        "jsr:@std/path@0.221"
      ]
    },
    "@std/fs@1.0.16": {
      "integrity": "81878f62b6eeda0bf546197fc3daa5327c132fee1273f6113f940784a468b036",
      "dependencies": [
        "jsr:@std/path@^1.0.8"
      ]
    },
    "@std/internal@1.0.6": {
      "integrity": "9533b128f230f73bd209408bb07a4b12f8d4255ab2a4d22a1fd6d87304aca9a4"
    },
    "@std/msgpack@1.0.3": {
      "integrity": "b384239867dfd08aba9069d433e415a8229c6f966716d6b7fd3972a6fe605848",
      "dependencies": [
        "jsr:@std/bytes@^1.0.5"
      ]
    },
    "@std/path@0.221.0": {
      "integrity": "0a36f6b17314ef653a3a1649740cc8db51b25a133ecfe838f20b79a56ebe0095",
      "dependencies": [
        "jsr:@std/assert@0.221"
      ]
    },
    "@std/path@1.0.8": {
      "integrity": "548fa456bb6a04d3c1a1e7477986b6cffbce95102d0bb447c67c4ee70e0364be"
    },
    "@std/semver@1.0.5": {
      "integrity": "529f79e83705714c105ad0ba55bec0f9da0f24d2f726b6cc1c15e505cc2c0624"
    },
    "@std/streams@1.0.9": {
      "integrity": "a9d26b1988cdd7aa7b1f4b51e1c36c1557f3f252880fa6cc5b9f37078b1a5035",
      "dependencies": [
        "jsr:@std/bytes@^1.0.5"
      ]
    },
    "@std/testing@1.0.11": {
      "integrity": "12b3db12d34f0f385a26248933bde766c0f8c5ad8b6ab34d4d38f528ab852f48",
      "dependencies": [
        "jsr:@std/assert@^1.0.12"
      ]
    },
    "@std/ulid@1.0.0": {
      "integrity": "d41c3d27a907714413649fee864b7cde8d42ee68437d22b79d5de4f81d808780"
    },
    "@std/yaml@1.0.5": {
      "integrity": "71ba3d334305ee2149391931508b2c293a8490f94a337eef3a09cade1a2a2742"
    }
  },
  "npm": {
    "@geolonia/japanese-numeral@1.0.2": {
      "integrity": "sha512-fOgkPtiewCpdMtQRqbfbR1ebkv4yxNoic0e90GYCdDzScUjrwc3AezpbGuw0sPUJE8HcT2TLZYdp7qpI7TQwHw=="
    },
    "@msgpackr-extract/msgpackr-extract-darwin-arm64@3.0.3": {
      "integrity": "sha512-QZHtlVgbAdy2zAqNA9Gu1UpIuI8Xvsd1v8ic6B2pZmeFnFcMWiPLfWXh7TVw4eGEZ/C9TH281KwhVoeQUKbyjw=="
    },
    "@msgpackr-extract/msgpackr-extract-darwin-x64@3.0.3": {
      "integrity": "sha512-mdzd3AVzYKuUmiWOQ8GNhl64/IoFGol569zNRdkLReh6LRLHOXxU4U8eq0JwaD8iFHdVGqSy4IjFL4reoWCDFw=="
    },
    "@msgpackr-extract/msgpackr-extract-linux-arm64@3.0.3": {
      "integrity": "sha512-YxQL+ax0XqBJDZiKimS2XQaf+2wDGVa1enVRGzEvLLVFeqa5kx2bWbtcSXgsxjQB7nRqqIGFIcLteF/sHeVtQg=="
    },
    "@msgpackr-extract/msgpackr-extract-linux-arm@3.0.3": {
      "integrity": "sha512-fg0uy/dG/nZEXfYilKoRe7yALaNmHoYeIoJuJ7KJ+YyU2bvY8vPv27f7UKhGRpY6euFYqEVhxCFZgAUNQBM3nw=="
    },
    "@msgpackr-extract/msgpackr-extract-linux-x64@3.0.3": {
      "integrity": "sha512-cvwNfbP07pKUfq1uH+S6KJ7dT9K8WOE4ZiAcsrSes+UY55E/0jLYc+vq+DO7jlmqRb5zAggExKm0H7O/CBaesg=="
    },
    "@msgpackr-extract/msgpackr-extract-win32-x64@3.0.3": {
      "integrity": "sha512-x0fWaQtYp4E6sktbsdAqnehxDgEc/VwM7uLsRCYWaiGu0ykYdZPiS8zCWdnjHwyiumousxfBm4SO31eXqwEZhQ=="
    },
    "cr-numeral@1.1.3": {
      "integrity": "sha512-pvVdI1fRETIlwY0kK/XwainII930OY2GEEwuOrXeJ2I2nyF/lbZEv094n6v/cJcNrwFQKx7Ib6K91Ygw1E4PCw=="
    },
    "detect-libc@2.0.3": {
      "integrity": "sha512-bwy0MGW55bG41VqxxypOsdSdGqLwXPI/focwgTYCFMbdUiBAxLg9CFzG08sz2aqzknwiX7Hkl0bQENjg8iLByw=="
    },
    "encoding-japanese@2.2.0": {
      "integrity": "sha512-EuJWwlHPZ1LbADuKTClvHtwbaFn4rOD+dRAbWysqEOXRc2Uui0hJInNJrsdH0c+OhJA4nrCBdSkW4DD5YxAo6A=="
    },
    "jsonschema@1.4.1": {
      "integrity": "sha512-S6cATIPVv1z0IlxdN+zUk5EPjkGCdnhN4wVSBlvoUO1tOLJootbo9CquNJmbIh4yikWHiUedhRYrNPn1arpEmQ=="
    },
    "msgpackr-extract@3.0.3": {
      "integrity": "sha512-P0efT1C9jIdVRefqjzOQ9Xml57zpOXnIuS+csaB4MdZbTdmGDLo8XhzBG1N7aO11gKDDkJvBLULeFTo46wwreA==",
      "dependencies": [
        "@msgpackr-extract/msgpackr-extract-darwin-arm64",
        "@msgpackr-extract/msgpackr-extract-darwin-x64",
        "@msgpackr-extract/msgpackr-extract-linux-arm",
        "@msgpackr-extract/msgpackr-extract-linux-arm64",
        "@msgpackr-extract/msgpackr-extract-linux-x64",
        "@msgpackr-extract/msgpackr-extract-win32-x64",
        "node-gyp-build-optional-packages"
      ]
    },
    "msgpackr@1.11.2": {
      "integrity": "sha512-F9UngXRlPyWCDEASDpTf6c9uNhGPTqnTeLVt7bN+bU1eajoR/8V9ys2BRaV5C/e5ihE6sJ9uPIKaYt6bFuO32g==",
      "dependencies": [
        "msgpackr-extract"
      ]
    },
    "node-gyp-build-optional-packages@5.2.2": {
      "integrity": "sha512-s+w+rBWnpTMwSFbaE0UXsRlg7hU4FjekKU4eyAih5T8nJuNZT1nNsskXpxmeqSK9UzkBl6UgRlnKc8hz8IEqOw==",
      "dependencies": [
        "detect-libc"
      ]
    }
  },
  "remote": {
    "https://cdn.jsdelivr.net/gh/skk-dict/jisyo/schema/jisyo.schema.v0.0.0.json": "339d73e539e3837677bd348a8b8e889deea44d946b11cd075d629c189b3906a1",
    "https://deno.land/x/iterator_helpers@v0.1.2/lib/async_iterator_from.ts": "ca5209e21a5600508011bc9cfaf41ec6459347d274d538690f0ab6272f6eff1a",
    "https://deno.land/x/iterator_helpers@v0.1.2/lib/iterator_from.ts": "9374ec98daad0a26e9610bb3981edc4252f69cf636ca373cb376799672a18329",
    "https://deno.land/x/iterator_helpers@v0.1.2/lib/wrap_async_iterator.ts": "4e1b186eeed0f9cd33a41e70b6d43e32a6c65d7fb572120d130dd931095f98cc",
    "https://deno.land/x/iterator_helpers@v0.1.2/lib/wrap_iterator.ts": "8ecdb7c54462f9006c9507852d1d4a412d2e2f6330157bede4da5db808ab0500",
    "https://deno.land/x/iterator_helpers@v0.1.2/mod.ts": "3d42a1464447311852ecfc61081b52a676ebeb2dc9d4999162c30e0870c0113e"
  }
}
